
Microsoft Visual Studio Solution File, Format Version 11.00
# Visual Studio 2010
Project("{FAE04EC0-301F-11D3-BF4B-00C04F79EFBC}") = "Assembly-CSharp", "Assembly-CSharp.csproj", "{f0a99dc9-461a-9713-ca8d-51c037b4dbfb}"
EndProject
Project("{FAE04EC0-301F-11D3-BF4B-00C04F79EFBC}") = "Assembly-CSharp-Editor", "Assembly-CSharp-Editor.csproj", "{4ac9346e-c9f1-8444-5283-d1a998f97957}"
EndProject
Global
	GlobalSection(SolutionConfigurationPlatforms) = preSolution
		Debug|Any CPU = Debug|Any CPU
		Release|Any CPU = Release|Any CPU
	EndGlobalSection
	GlobalSection(ProjectConfigurationPlatforms) = postSolution
		{f0a99dc9-461a-9713-ca8d-51c037b4dbfb}.Debug|Any CPU.ActiveCfg = Debug|Any CPU
		{f0a99dc9-461a-9713-ca8d-51c037b4dbfb}.Debug|Any CPU.Build.0 = Debug|Any CPU
		{f0a99dc9-461a-9713-ca8d-51c037b4dbfb}.Release|Any CPU.ActiveCfg = Release|Any CPU
		{f0a99dc9-461a-9713-ca8d-51c037b4dbfb}.Release|Any CPU.Build.0 = Release|Any CPU
		{4ac9346e-c9f1-8444-5283-d1a998f97957}.Debug|Any CPU.ActiveCfg = Debug|Any CPU
		{4ac9346e-c9f1-8444-5283-d1a998f97957}.Debug|Any CPU.Build.0 = Debug|Any CPU
		{4ac9346e-c9f1-8444-5283-d1a998f97957}.Release|Any CPU.ActiveCfg = Release|Any CPU
		{4ac9346e-c9f1-8444-5283-d1a998f97957}.Release|Any CPU.Build.0 = Release|Any CPU
	EndGlobalSection
	GlobalSection(SolutionProperties) = preSolution
		HideSolutionNode = FALSE
	EndGlobalSection
EndGlobal
